github.com/likexian/gokit v0.25.15 h1:QjospM1eXhdMMHwZRpMKKAHY/Wig9wgcREmLtf9NslY=
github.com/likexian/gokit v0.25.15/go.mod h1:S2QisdsxLEHWeD/XI0QMVeggp+jbxYqUxMvSBil7MRg=
github.com/likexian/whois v1.15.5 h1:gpPxyCTJtLtJDmakHCo//0ZjK/ocI01GCAd/WBJ2oH8=
github.com/likexian/whois v1.15.5/go.mod h1:4b6o1QTCfjwrB5I3KeNQnn79QtuPUTsewsE+ys94I78=
github.com/likexian/whois-parser v1.24.20 h1:oxEkRi0GxgqWQRLDMJpXU1EhgWmLmkqEFZ2ChXTeQLE=
github.com/likexian/whois-parser v1.24.20/go.mod h1:rAtaofg2luol09H+ogDzGIfcG8ig1NtM5R16uQADDz4=
golang.org/x/net v0.33.0 h1:74SYHlV8BIgHIFC/LrYkOGIwL19eTYXQ5wc6TBuO36I=
golang.org/x/net v0.33.0/go.mod h1:HXLR5J+9DxmrqMwG9qjGCxZ+zKXxBru04zlTvWlWuN4=
golang.org/x/text v0.21.0 h1:zyQAAkrwaneQ066sspRyJaG9VNi/YJ1NfzcGB3hZ/qo=
golang.org/x/text v0.21.0/go.mod h1:4IBbMaMmOPCJ8SecivzSH54+73PCFmPWxNTLm+vZkEQ=
